
Microsoft Visual Studio Solution File, Format Version 12.00
# Visual Studio Version 16
VisualStudioVersion = 16.0.29920.165
MinimumVisualStudioVersion = 10.0.40219.1
Project("{8BC9CEB8-8B4A-11D0-8D11-00A0C91BC942}") = "gae", "gae.vcxproj", "{DC26BB68-0AA7-4899-B653-C6E18B56A652}"
EndProject
Project("{8BC9CEB8-8B4A-11D0-8D11-00A0C91BC942}") = "ArrayTest", "ArrayTest\ArrayTest.vcxproj", "{354BB186-E022-422C-B009-D3464F71ED91}"
EndProject
Project("{2150E333-8FDC-42A3-9474-1A3956D46DE8}") = "Tests", "Tests", "{61BF1129-D86E-4BB4-A8C4-485C29681B44}"
EndProject
Project("{8BC9CEB8-8B4A-11D0-8D11-00A0C91BC942}") = "ButtonTest", "ButtonTest\ButtonTest.vcxproj", "{ACA85C3F-08F6-4D88-B0F5-5B9025A0D969}"
EndProject
Project("{8BC9CEB8-8B4A-11D0-8D11-00A0C91BC942}") = "FileTest", "FileTest\FileTest.vcxproj", "{A179B448-3DE5-456B-BFE4-181310D7008C}"
EndProject
Project("{8BC9CEB8-8B4A-11D0-8D11-00A0C91BC942}") = "MenuTest", "MenuTest\MenuTest.vcxproj", "{C8C4FEAC-5ED8-400C-8823-EF36BAAE6FE9}"
EndProject
Project("{8BC9CEB8-8B4A-11D0-8D11-00A0C91BC942}") = "NineSliceTest", "NineSliceTest\NineSliceTest.vcxproj", "{D4C34C18-2F1A-4796-8E31-F3F24CBB305E}"
EndProject
Project("{8BC9CEB8-8B4A-11D0-8D11-00A0C91BC942}") = "SpriteTest", "SpriteTest\SpriteTest.vcxproj", "{0F5F6021-23D6-422E-A2FA-B00F1C4CA151}"
EndProject
Project("{8BC9CEB8-8B4A-11D0-8D11-00A0C91BC942}") = "WindowTest", "WindowTest\WindowTest.vcxproj", "{AA7E86E4-A93E-4CEE-8C14-D4BC5C26604B}"
EndProject
Global
	GlobalSection(SolutionConfigurationPlatforms) = preSolution
		Debug|x64 = Debug|x64
		Debug|x86 = Debug|x86
		Release|x64 = Release|x64
		Release|x86 = Release|x86
	EndGlobalSection
	GlobalSection(ProjectConfigurationPlatforms) = postSolution
		{DC26BB68-0AA7-4899-B653-C6E18B56A652}.Debug|x64.ActiveCfg = Debug|x64
		{DC26BB68-0AA7-4899-B653-C6E18B56A652}.Debug|x64.Build.0 = Debug|x64
		{DC26BB68-0AA7-4899-B653-C6E18B56A652}.Debug|x86.ActiveCfg = Debug|Win32
		{DC26BB68-0AA7-4899-B653-C6E18B56A652}.Debug|x86.Build.0 = Debug|Win32
		{DC26BB68-0AA7-4899-B653-C6E18B56A652}.Release|x64.ActiveCfg = Release|x64
		{DC26BB68-0AA7-4899-B653-C6E18B56A652}.Release|x64.Build.0 = Release|x64
		{DC26BB68-0AA7-4899-B653-C6E18B56A652}.Release|x86.ActiveCfg = Release|Win32
		{DC26BB68-0AA7-4899-B653-C6E18B56A652}.Release|x86.Build.0 = Release|Win32
		{354BB186-E022-422C-B009-D3464F71ED91}.Debug|x64.ActiveCfg = Debug|x64
		{354BB186-E022-422C-B009-D3464F71ED91}.Debug|x64.Build.0 = Debug|x64
		{354BB186-E022-422C-B009-D3464F71ED91}.Debug|x86.ActiveCfg = Debug|Win32
		{354BB186-E022-422C-B009-D3464F71ED91}.Debug|x86.Build.0 = Debug|Win32
		{354BB186-E022-422C-B009-D3464F71ED91}.Release|x64.ActiveCfg = Release|x64
		{354BB186-E022-422C-B009-D3464F71ED91}.Release|x64.Build.0 = Release|x64
		{354BB186-E022-422C-B009-D3464F71ED91}.Release|x86.ActiveCfg = Release|Win32
		{354BB186-E022-422C-B009-D3464F71ED91}.Release|x86.Build.0 = Release|Win32
		{ACA85C3F-08F6-4D88-B0F5-5B9025A0D969}.Debug|x64.ActiveCfg = Debug|x64
		{ACA85C3F-08F6-4D88-B0F5-5B9025A0D969}.Debug|x64.Build.0 = Debug|x64
		{ACA85C3F-08F6-4D88-B0F5-5B9025A0D969}.Debug|x86.ActiveCfg = Debug|Win32
		{ACA85C3F-08F6-4D88-B0F5-5B9025A0D969}.Debug|x86.Build.0 = Debug|Win32
		{ACA85C3F-08F6-4D88-B0F5-5B9025A0D969}.Release|x64.ActiveCfg = Release|x64
		{ACA85C3F-08F6-4D88-B0F5-5B9025A0D969}.Release|x64.Build.0 = Release|x64
		{ACA85C3F-08F6-4D88-B0F5-5B9025A0D969}.Release|x86.ActiveCfg = Release|Win32
		{ACA85C3F-08F6-4D88-B0F5-5B9025A0D969}.Release|x86.Build.0 = Release|Win32
		{A179B448-3DE5-456B-BFE4-181310D7008C}.Debug|x64.ActiveCfg = Debug|x64
		{A179B448-3DE5-456B-BFE4-181310D7008C}.Debug|x64.Build.0 = Debug|x64
		{A179B448-3DE5-456B-BFE4-181310D7008C}.Debug|x86.ActiveCfg = Debug|Win32
		{A179B448-3DE5-456B-BFE4-181310D7008C}.Debug|x86.Build.0 = Debug|Win32
		{A179B448-3DE5-456B-BFE4-181310D7008C}.Release|x64.ActiveCfg = Release|x64
		{A179B448-3DE5-456B-BFE4-181310D7008C}.Release|x64.Build.0 = Release|x64
		{A179B448-3DE5-456B-BFE4-181310D7008C}.Release|x86.ActiveCfg = Release|Win32
		{A179B448-3DE5-456B-BFE4-181310D7008C}.Release|x86.Build.0 = Release|Win32
		{C8C4FEAC-5ED8-400C-8823-EF36BAAE6FE9}.Debug|x64.ActiveCfg = Debug|x64
		{C8C4FEAC-5ED8-400C-8823-EF36BAAE6FE9}.Debug|x64.Build.0 = Debug|x64
		{C8C4FEAC-5ED8-400C-8823-EF36BAAE6FE9}.Debug|x86.ActiveCfg = Debug|Win32
		{C8C4FEAC-5ED8-400C-8823-EF36BAAE6FE9}.Debug|x86.Build.0 = Debug|Win32
		{C8C4FEAC-5ED8-400C-8823-EF36BAAE6FE9}.Release|x64.ActiveCfg = Release|x64
		{C8C4FEAC-5ED8-400C-8823-EF36BAAE6FE9}.Release|x64.Build.0 = Release|x64
		{C8C4FEAC-5ED8-400C-8823-EF36BAAE6FE9}.Release|x86.ActiveCfg = Release|Win32
		{C8C4FEAC-5ED8-400C-8823-EF36BAAE6FE9}.Release|x86.Build.0 = Release|Win32
		{D4C34C18-2F1A-4796-8E31-F3F24CBB305E}.Debug|x64.ActiveCfg = Debug|x64
		{D4C34C18-2F1A-4796-8E31-F3F24CBB305E}.Debug|x64.Build.0 = Debug|x64
		{D4C34C18-2F1A-4796-8E31-F3F24CBB305E}.Debug|x86.ActiveCfg = Debug|Win32
		{D4C34C18-2F1A-4796-8E31-F3F24CBB305E}.Debug|x86.Build.0 = Debug|Win32
		{D4C34C18-2F1A-4796-8E31-F3F24CBB305E}.Release|x64.ActiveCfg = Release|x64
		{D4C34C18-2F1A-4796-8E31-F3F24CBB305E}.Release|x64.Build.0 = Release|x64
		{D4C34C18-2F1A-4796-8E31-F3F24CBB305E}.Release|x86.ActiveCfg = Release|Win32
		{D4C34C18-2F1A-4796-8E31-F3F24CBB305E}.Release|x86.Build.0 = Release|Win32
		{0F5F6021-23D6-422E-A2FA-B00F1C4CA151}.Debug|x64.ActiveCfg = Debug|x64
		{0F5F6021-23D6-422E-A2FA-B00F1C4CA151}.Debug|x64.Build.0 = Debug|x64
		{0F5F6021-23D6-422E-A2FA-B00F1C4CA151}.Debug|x86.ActiveCfg = Debug|Win32
		{0F5F6021-23D6-422E-A2FA-B00F1C4CA151}.Debug|x86.Build.0 = Debug|Win32
		{0F5F6021-23D6-422E-A2FA-B00F1C4CA151}.Release|x64.ActiveCfg = Release|x64
		{0F5F6021-23D6-422E-A2FA-B00F1C4CA151}.Release|x64.Build.0 = Release|x64
		{0F5F6021-23D6-422E-A2FA-B00F1C4CA151}.Release|x86.ActiveCfg = Release|Win32
		{0F5F6021-23D6-422E-A2FA-B00F1C4CA151}.Release|x86.Build.0 = Release|Win32
		{AA7E86E4-A93E-4CEE-8C14-D4BC5C26604B}.Debug|x64.ActiveCfg = Debug|x64
		{AA7E86E4-A93E-4CEE-8C14-D4BC5C26604B}.Debug|x64.Build.0 = Debug|x64
		{AA7E86E4-A93E-4CEE-8C14-D4BC5C26604B}.Debug|x86.ActiveCfg = Debug|Win32
		{AA7E86E4-A93E-4CEE-8C14-D4BC5C26604B}.Debug|x86.Build.0 = Debug|Win32
		{AA7E86E4-A93E-4CEE-8C14-D4BC5C26604B}.Release|x64.ActiveCfg = Release|x64
		{AA7E86E4-A93E-4CEE-8C14-D4BC5C26604B}.Release|x64.Build.0 = Release|x64
		{AA7E86E4-A93E-4CEE-8C14-D4BC5C26604B}.Release|x86.ActiveCfg = Release|Win32
		{AA7E86E4-A93E-4CEE-8C14-D4BC5C26604B}.Release|x86.Build.0 = Release|Win32
	EndGlobalSection
	GlobalSection(SolutionProperties) = preSolution
		HideSolutionNode = FALSE
	EndGlobalSection
	GlobalSection(NestedProjects) = preSolution
		{354BB186-E022-422C-B009-D3464F71ED91} = {61BF1129-D86E-4BB4-A8C4-485C29681B44}
		{ACA85C3F-08F6-4D88-B0F5-5B9025A0D969} = {61BF1129-D86E-4BB4-A8C4-485C29681B44}
		{A179B448-3DE5-456B-BFE4-181310D7008C} = {61BF1129-D86E-4BB4-A8C4-485C29681B44}
		{C8C4FEAC-5ED8-400C-8823-EF36BAAE6FE9} = {61BF1129-D86E-4BB4-A8C4-485C29681B44}
		{D4C34C18-2F1A-4796-8E31-F3F24CBB305E} = {61BF1129-D86E-4BB4-A8C4-485C29681B44}
		{0F5F6021-23D6-422E-A2FA-B00F1C4CA151} = {61BF1129-D86E-4BB4-A8C4-485C29681B44}
		{AA7E86E4-A93E-4CEE-8C14-D4BC5C26604B} = {61BF1129-D86E-4BB4-A8C4-485C29681B44}
	EndGlobalSection
	GlobalSection(ExtensibilityGlobals) = postSolution
		SolutionGuid = {EC8C2393-B316-4A2B-AB1F-136A659D91B0}
	EndGlobalSection
EndGlobal
