<?xml version="1.0" encoding="utf-8"?>
<Project ToolsVersion="4.0" xmlns="http://schemas.microsoft.com/developer/msbuild/2003">
  <ItemGroup>
    <Filter Include="Source Files">
      <UniqueIdentifier>{4FC737F1-C7A5-4376-A066-2A32D752A2FF}</UniqueIdentifier>
      <Extensions>cpp;c;cc;cxx;c++;def;odl;idl;hpj;bat;asm;asmx</Extensions>
    </Filter>
    <Filter Include="Header Files">
      <UniqueIdentifier>{93995380-89BD-4b04-88EB-625FBE52EBFB}</UniqueIdentifier>
      <Extensions>h;hh;hpp;hxx;h++;hm;inl;inc;ipp;xsd</Extensions>
    </Filter>
    <Filter Include="Resource Files">
      <UniqueIdentifier>{67DA6AB6-F800-4c08-8B7A-83BB121AAD01}</UniqueIdentifier>
      <Extensions>rc;ico;cur;bmp;dlg;rc2;rct;bin;rgs;gif;jpg;jpeg;jpe;resx;tiff;tif;png;wav;mfcribbon-ms</Extensions>
    </Filter>
  </ItemGroup>
  <ItemGroup>
    <ClCompile Include="..\glesgae\gae_array.c">
      <Filter>Source Files</Filter>
    </ClCompile>
    <ClCompile Include="..\glesgae\gae_buffer.c">
      <Filter>Source Files</Filter>
    </ClCompile>
    <ClCompile Include="..\glesgae\gae_button.c">
      <Filter>Source Files</Filter>
    </ClCompile>
    <ClCompile Include="..\glesgae\gae_camera.c">
      <Filter>Source Files</Filter>
    </ClCompile>
    <ClCompile Include="..\glesgae\gae_colour.c">
      <Filter>Source Files</Filter>
    </ClCompile>
    <ClCompile Include="..\glesgae\gae_dlist.c">
      <Filter>Source Files</Filter>
    </ClCompile>
    <ClCompile Include="..\glesgae\gae_events.c">
      <Filter>Source Files</Filter>
    </ClCompile>
    <ClCompile Include="..\glesgae\gae_events_sdl2.c">
      <Filter>Source Files</Filter>
    </ClCompile>
    <ClCompile Include="..\glesgae\gae_font.c">
      <Filter>Source Files</Filter>
    </ClCompile>
    <ClCompile Include="..\glesgae\gae_graphics_sdl2.c">
      <Filter>Source Files</Filter>
    </ClCompile>
    <ClCompile Include="..\glesgae\gae_grid.c">
      <Filter>Source Files</Filter>
    </ClCompile>
    <ClCompile Include="..\glesgae\gae_hashstring.c">
      <Filter>Source Files</Filter>
    </ClCompile>
    <ClCompile Include="..\glesgae\gae_js.c">
      <Filter>Source Files</Filter>
    </ClCompile>
    <ClCompile Include="..\glesgae\gae_list.c">
      <Filter>Source Files</Filter>
    </ClCompile>
    <ClCompile Include="..\glesgae\gae_manager.c">
      <Filter>Source Files</Filter>
    </ClCompile>
    <ClCompile Include="..\glesgae\gae_map.c">
      <Filter>Source Files</Filter>
    </ClCompile>
    <ClCompile Include="..\glesgae\gae_memory.c">
      <Filter>Source Files</Filter>
    </ClCompile>
    <ClCompile Include="..\glesgae\gae_nineslice.c">
      <Filter>Source Files</Filter>
    </ClCompile>
    <ClCompile Include="..\glesgae\gae_point.c">
      <Filter>Source Files</Filter>
    </ClCompile>
    <ClCompile Include="..\glesgae\gae_sprite.c">
      <Filter>Source Files</Filter>
    </ClCompile>
    <ClCompile Include="..\glesgae\gae_sprite_sheet.c">
      <Filter>Source Files</Filter>
    </ClCompile>
    <ClCompile Include="..\glesgae\gae_stack.c">
      <Filter>Source Files</Filter>
    </ClCompile>
    <ClCompile Include="..\glesgae\gae_state.c">
      <Filter>Source Files</Filter>
    </ClCompile>
    <ClCompile Include="..\glesgae\gae_system.c">
      <Filter>Source Files</Filter>
    </ClCompile>
    <ClCompile Include="..\glesgae\gae_system_sdl2.c">
      <Filter>Source Files</Filter>
    </ClCompile>
    <ClCompile Include="..\glesgae\gae_timer.c">
      <Filter>Source Files</Filter>
    </ClCompile>
    <ClCompile Include="..\glesgae\gae_clock_win32.c">
      <Filter>Source Files</Filter>
    </ClCompile>
    <ClCompile Include="..\glesgae\gae_file_sdl2.c">
      <Filter>Source Files</Filter>
    </ClCompile>
    <ClCompile Include="..\glesgae\gae_file_stdio.c">
      <Filter>Source Files</Filter>
    </ClCompile>
    <ClCompile Include="..\glesgae\gae_audio_system_sdl2.c">
      <Filter>Source Files</Filter>
    </ClCompile>
    <ClCompile Include="..\glesgae\gae_clock_linux.c">
      <Filter>Source Files</Filter>
    </ClCompile>
  </ItemGroup>
  <ItemGroup>
    <ClInclude Include="..\glesgae\gae.h">
      <Filter>Header Files</Filter>
    </ClInclude>
    <ClInclude Include="..\glesgae\gae_array.h">
      <Filter>Header Files</Filter>
    </ClInclude>
    <ClInclude Include="..\glesgae\gae_buffer.h">
      <Filter>Header Files</Filter>
    </ClInclude>
    <ClInclude Include="..\glesgae\gae_button.h">
      <Filter>Header Files</Filter>
    </ClInclude>
    <ClInclude Include="..\glesgae\gae_camera.h">
      <Filter>Header Files</Filter>
    </ClInclude>
    <ClInclude Include="..\glesgae\gae_clock.h">
      <Filter>Header Files</Filter>
    </ClInclude>
    <ClInclude Include="..\glesgae\gae_colour.h">
      <Filter>Header Files</Filter>
    </ClInclude>
    <ClInclude Include="..\glesgae\gae_dlist.h">
      <Filter>Header Files</Filter>
    </ClInclude>
    <ClInclude Include="..\glesgae\gae_events.h">
      <Filter>Header Files</Filter>
    </ClInclude>
    <ClInclude Include="..\glesgae\gae_file.h">
      <Filter>Header Files</Filter>
    </ClInclude>
    <ClInclude Include="..\glesgae\gae_font.h">
      <Filter>Header Files</Filter>
    </ClInclude>
    <ClInclude Include="..\glesgae\gae_graphics.h">
      <Filter>Header Files</Filter>
    </ClInclude>
    <ClInclude Include="..\glesgae\gae_graphics_sdl2.h">
      <Filter>Header Files</Filter>
    </ClInclude>
    <ClInclude Include="..\glesgae\gae_grid.h">
      <Filter>Header Files</Filter>
    </ClInclude>
    <ClInclude Include="..\glesgae\gae_hashstring.h">
      <Filter>Header Files</Filter>
    </ClInclude>
    <ClInclude Include="..\glesgae\gae_js.h">
      <Filter>Header Files</Filter>
    </ClInclude>
    <ClInclude Include="..\glesgae\gae_list.h">
      <Filter>Header Files</Filter>
    </ClInclude>
    <ClInclude Include="..\glesgae\gae_manager.h">
      <Filter>Header Files</Filter>
    </ClInclude>
    <ClInclude Include="..\glesgae\gae_map.h">
      <Filter>Header Files</Filter>
    </ClInclude>
    <ClInclude Include="..\glesgae\gae_memory.h">
      <Filter>Header Files</Filter>
    </ClInclude>
    <ClInclude Include="..\glesgae\gae_nineslice.h">
      <Filter>Header Files</Filter>
    </ClInclude>
    <ClInclude Include="..\glesgae\gae_point.h">
      <Filter>Header Files</Filter>
    </ClInclude>
    <ClInclude Include="..\glesgae\gae_rect.h">
      <Filter>Header Files</Filter>
    </ClInclude>
    <ClInclude Include="..\glesgae\gae_slider.h">
      <Filter>Header Files</Filter>
    </ClInclude>
    <ClInclude Include="..\glesgae\gae_sprite.h">
      <Filter>Header Files</Filter>
    </ClInclude>
    <ClInclude Include="..\glesgae\gae_sprite_sheet.h">
      <Filter>Header Files</Filter>
    </ClInclude>
    <ClInclude Include="..\glesgae\gae_stack.h">
      <Filter>Header Files</Filter>
    </ClInclude>
    <ClInclude Include="..\glesgae\gae_state.h">
      <Filter>Header Files</Filter>
    </ClInclude>
    <ClInclude Include="..\glesgae\gae_system.h">
      <Filter>Header Files</Filter>
    </ClInclude>
    <ClInclude Include="..\glesgae\gae_timer.h">
      <Filter>Header Files</Filter>
    </ClInclude>
    <ClInclude Include="..\glesgae\gae_types.h">
      <Filter>Header Files</Filter>
    </ClInclude>
    <ClInclude Include="..\glesgae\gae_audio_system.h">
      <Filter>Header Files</Filter>
    </ClInclude>
    <ClInclude Include="..\glesgae\gae_file_sdl2.h">
      <Filter>Header Files</Filter>
    </ClInclude>
  </ItemGroup>
</Project>